// !$*UTF8*$!
{
	archiveVersion = 1;
	classes = {
	};
	objectVersion = 46;
	objects = {

/* Begin PBXBuildFile section */
		B2288A321E75DE7B005C7520 /* AppDelegate.swift in Sources */ = {isa = PBXBuildFile; fileRef = B2288A311E75DE7B005C7520 /* AppDelegate.swift */; };
		B2288A341E75DE7B005C7520 /* FirstViewController.swift in Sources */ = {isa = PBXBuildFile; fileRef = B2288A331E75DE7B005C7520 /* FirstViewController.swift */; };
		B2288A361E75DE7B005C7520 /* SecondViewController.swift in Sources */ = {isa = PBXBuildFile; fileRef = B2288A351E75DE7B005C7520 /* SecondViewController.swift */; };
		B2288A391E75DE7B005C7520 /* Main.storyboard in Resources */ = {isa = PBXBuildFile; fileRef = B2288A371E75DE7B005C7520 /* Main.storyboard */; };
		B2288A3B1E75DE7B005C7520 /* Assets.xcassets in Resources */ = {isa = PBXBuildFile; fileRef = B2288A3A1E75DE7B005C7520 /* Assets.xcassets */; };
		B2288A3E1E75DE7B005C7520 /* LaunchScreen.storyboard in Resources */ = {isa = PBXBuildFile; fileRef = B2288A3C1E75DE7B005C7520 /* LaunchScreen.storyboard */; };
		B2288A491E75DE7B005C7520 /* Michel_D_DProjectTests.swift in Sources */ = {isa = PBXBuildFile; fileRef = B2288A481E75DE7B005C7520 /* Michel_D_DProjectTests.swift */; };
		B2288A541E75DE7B005C7520 /* Michel_D_DProjectUITests.swift in Sources */ = {isa = PBXBuildFile; fileRef = B2288A531E75DE7B005C7520 /* Michel_D_DProjectUITests.swift */; };
		B2288A621E75E787005C7520 /* RollViewController.swift in Sources */ = {isa = PBXBuildFile; fileRef = B2288A611E75E787005C7520 /* RollViewController.swift */; };
		B2288A641E7766AC005C7520 /* ClassViewController.swift in Sources */ = {isa = PBXBuildFile; fileRef = B2288A631E7766AC005C7520 /* ClassViewController.swift */; };
		B2288A681E776878005C7520 /* Class.swift in Sources */ = {isa = PBXBuildFile; fileRef = B2288A671E776878005C7520 /* Class.swift */; };
		B2288A6C1E77A637005C7520 /* Backgrounds.swift in Sources */ = {isa = PBXBuildFile; fileRef = B2288A6B1E77A637005C7520 /* Backgrounds.swift */; };
/* End PBXBuildFile section */

/* Begin PBXContainerItemProxy section */
		B2288A451E75DE7B005C7520 /* PBXContainerItemProxy */ = {
			isa = PBXContainerItemProxy;
			containerPortal = B2288A261E75DE7B005C7520 /* Project object */;
			proxyType = 1;
			remoteGlobalIDString = B2288A2D1E75DE7B005C7520;
			remoteInfo = "Michel_D&DProject";
		};
		B2288A501E75DE7B005C7520 /* PBXContainerItemProxy */ = {
			isa = PBXContainerItemProxy;
			containerPortal = B2288A261E75DE7B005C7520 /* Project object */;
			proxyType = 1;
			remoteGlobalIDString = B2288A2D1E75DE7B005C7520;
			remoteInfo = "Michel_D&DProject";
		};
/* End PBXContainerItemProxy section */

/* Begin PBXFileReference section */
		B2288A2E1E75DE7B005C7520 /* Michel_D&DProject.app */ = {isa = PBXFileReference; explicitFileType = wrapper.application; includeInIndex = 0; path = "Michel_D&DProject.app"; sourceTree = BUILT_PRODUCTS_DIR; };
		B2288A311E75DE7B005C7520 /* AppDelegate.swift */ = {isa = PBXFileReference; lastKnownFileType = sourcecode.swift; path = AppDelegate.swift; sourceTree = "<group>"; };
		B2288A331E75DE7B005C7520 /* FirstViewController.swift */ = {isa = PBXFileReference; lastKnownFileType = sourcecode.swift; path = FirstViewController.swift; sourceTree = "<group>"; };
		B2288A351E75DE7B005C7520 /* SecondViewController.swift */ = {isa = PBXFileReference; lastKnownFileType = sourcecode.swift; path = SecondViewController.swift; sourceTree = "<group>"; };
		B2288A381E75DE7B005C7520 /* Base */ = {isa = PBXFileReference; lastKnownFileType = file.storyboard; name = Base; path = Base.lproj/Main.storyboard; sourceTree = "<group>"; };
		B2288A3A1E75DE7B005C7520 /* Assets.xcassets */ = {isa = PBXFileReference; lastKnownFileType = folder.assetcatalog; path = Assets.xcassets; sourceTree = "<group>"; };
		B2288A3D1E75DE7B005C7520 /* Base */ = {isa = PBXFileReference; lastKnownFileType = file.storyboard; name = Base; path = Base.lproj/LaunchScreen.storyboard; sourceTree = "<group>"; };
		B2288A3F1E75DE7B005C7520 /* Info.plist */ = {isa = PBXFileReference; lastKnownFileType = text.plist.xml; path = Info.plist; sourceTree = "<group>"; };
		B2288A441E75DE7B005C7520 /* Michel_D&DProjectTests.xctest */ = {isa = PBXFileReference; explicitFileType = wrapper.cfbundle; includeInIndex = 0; path = "Michel_D&DProjectTests.xctest"; sourceTree = BUILT_PRODUCTS_DIR; };
		B2288A481E75DE7B005C7520 /* Michel_D_DProjectTests.swift */ = {isa = PBXFileReference; lastKnownFileType = sourcecode.swift; path = Michel_D_DProjectTests.swift; sourceTree = "<group>"; };
		B2288A4A1E75DE7B005C7520 /* Info.plist */ = {isa = PBXFileReference; lastKnownFileType = text.plist.xml; path = Info.plist; sourceTree = "<group>"; };
		B2288A4F1E75DE7B005C7520 /* Michel_D&DProjectUITests.xctest */ = {isa = PBXFileReference; explicitFileType = wrapper.cfbundle; includeInIndex = 0; path = "Michel_D&DProjectUITests.xctest"; sourceTree = BUILT_PRODUCTS_DIR; };
		B2288A531E75DE7B005C7520 /* Michel_D_DProjectUITests.swift */ = {isa = PBXFileReference; lastKnownFileType = sourcecode.swift; path = Michel_D_DProjectUITests.swift; sourceTree = "<group>"; };
		B2288A551E75DE7B005C7520 /* Info.plist */ = {isa = PBXFileReference; lastKnownFileType = text.plist.xml; path = Info.plist; sourceTree = "<group>"; };
		B2288A611E75E787005C7520 /* RollViewController.swift */ = {isa = PBXFileReference; fileEncoding = 4; lastKnownFileType = sourcecode.swift; path = RollViewController.swift; sourceTree = "<group>"; };
		B2288A631E7766AC005C7520 /* ClassViewController.swift */ = {isa = PBXFileReference; fileEncoding = 4; lastKnownFileType = sourcecode.swift; path = ClassViewController.swift; sourceTree = "<group>"; };
		B2288A671E776878005C7520 /* Class.swift */ = {isa = PBXFileReference; fileEncoding = 4; lastKnownFileType = sourcecode.swift; name = Class.swift; path = ../Class.swift; sourceTree = "<group>"; };
		B2288A6B1E77A637005C7520 /* Backgrounds.swift */ = {isa = PBXFileReference; fileEncoding = 4; lastKnownFileType = sourcecode.swift; name = Backgrounds.swift; path = ../Backgrounds.swift; sourceTree = "<group>"; };
/* End PBXFileReference section */

/* Begin PBXFrameworksBuildPhase section */
		B2288A2B1E75DE7B005C7520 /* Frameworks */ = {
			isa = PBXFrameworksBuildPhase;
			buildActionMask = 2147483647;
			files = (
			);
			runOnlyForDeploymentPostprocessing = 0;
		};
		B2288A411E75DE7B005C7520 /* Frameworks */ = {
			isa = PBXFrameworksBuildPhase;
			buildActionMask = 2147483647;
			files = (
			);
			runOnlyForDeploymentPostprocessing = 0;
		};
		B2288A4C1E75DE7B005C7520 /* Frameworks */ = {
			isa = PBXFrameworksBuildPhase;
			buildActionMask = 2147483647;
			files = (
			);
			runOnlyForDeploymentPostprocessing = 0;
		};
/* End PBXFrameworksBuildPhase section */

/* Begin PBXGroup section */
		B2288A251E75DE7B005C7520 = {
			isa = PBXGroup;
			children = (
				B2288A301E75DE7B005C7520 /* Michel_D&DProject */,
				B2288A471E75DE7B005C7520 /* Michel_D&DProjectTests */,
				B2288A521E75DE7B005C7520 /* Michel_D&DProjectUITests */,
				B2288A2F1E75DE7B005C7520 /* Products */,
			);
			sourceTree = "<group>";
		};
		B2288A2F1E75DE7B005C7520 /* Products */ = {
			isa = PBXGroup;
			children = (
				B2288A2E1E75DE7B005C7520 /* Michel_D&DProject.app */,
				B2288A441E75DE7B005C7520 /* Michel_D&DProjectTests.xctest */,
				B2288A4F1E75DE7B005C7520 /* Michel_D&DProjectUITests.xctest */,
			);
			name = Products;
			sourceTree = "<group>";
		};
		B2288A301E75DE7B005C7520 /* Michel_D&DProject */ = {
			isa = PBXGroup;
			children = (
				B2288A6B1E77A637005C7520 /* Backgrounds.swift */,
				B2288A671E776878005C7520 /* Class.swift */,
				B2288A311E75DE7B005C7520 /* AppDelegate.swift */,
				B2288A331E75DE7B005C7520 /* FirstViewController.swift */,
				B2288A351E75DE7B005C7520 /* SecondViewController.swift */,
				B2288A371E75DE7B005C7520 /* Main.storyboard */,
				B2288A631E7766AC005C7520 /* ClassViewController.swift */,
				B2288A611E75E787005C7520 /* RollViewController.swift */,
				B2288A3A1E75DE7B005C7520 /* Assets.xcassets */,
				B2288A3C1E75DE7B005C7520 /* LaunchScreen.storyboard */,
				B2288A3F1E75DE7B005C7520 /* Info.plist */,
			);
			path = "Michel_D&DProject";
			sourceTree = "<group>";
		};
		B2288A471E75DE7B005C7520 /* Michel_D&DProjectTests */ = {
			isa = PBXGroup;
			children = (
				B2288A481E75DE7B005C7520 /* Michel_D_DProjectTests.swift */,
				B2288A4A1E75DE7B005C7520 /* Info.plist */,
			);
			path = "Michel_D&DProjectTests";
			sourceTree = "<group>";
		};
		B2288A521E75DE7B005C7520 /* Michel_D&DProjectUITests */ = {
			isa = PBXGroup;
			children = (
				B2288A531E75DE7B005C7520 /* Michel_D_DProjectUITests.swift */,
				B2288A551E75DE7B005C7520 /* Info.plist */,
			);
			path = "Michel_D&DProjectUITests";
			sourceTree = "<group>";
		};
/* End PBXGroup section */

/* Begin PBXNativeTarget section */
		B2288A2D1E75DE7B005C7520 /* Michel_D&DProject */ = {
			isa = PBXNativeTarget;
			buildConfigurationList = B2288A581E75DE7B005C7520 /* Build configuration list for PBXNativeTarget "Michel_D&DProject" */;
			buildPhases = (
				B2288A2A1E75DE7B005C7520 /* Sources */,
				B2288A2B1E75DE7B005C7520 /* Frameworks */,
				B2288A2C1E75DE7B005C7520 /* Resources */,
			);
			buildRules = (
			);
			dependencies = (
			);
			name = "Michel_D&DProject";
			productName = "Michel_D&DProject";
			productReference = B2288A2E1E75DE7B005C7520 /* Michel_D&DProject.app */;
			productType = "com.apple.product-type.application";
		};
		B2288A431E75DE7B005C7520 /* Michel_D&DProjectTests */ = {
			isa = PBXNativeTarget;
			buildConfigurationList = B2288A5B1E75DE7B005C7520 /* Build configuration list for PBXNativeTarget "Michel_D&DProjectTests" */;
			buildPhases = (
				B2288A401E75DE7B005C7520 /* Sources */,
				B2288A411E75DE7B005C7520 /* Frameworks */,
				B2288A421E75DE7B005C7520 /* Resources */,
			);
			buildRules = (
			);
			dependencies = (
				B2288A461E75DE7B005C7520 /* PBXTargetDependency */,
			);
			name = "Michel_D&DProjectTests";
			productName = "Michel_D&DProjectTests";
			productReference = B2288A441E75DE7B005C7520 /* Michel_D&DProjectTests.xctest */;
			productType = "com.apple.product-type.bundle.unit-test";
		};
		B2288A4E1E75DE7B005C7520 /* Michel_D&DProjectUITests */ = {
			isa = PBXNativeTarget;
			buildConfigurationList = B2288A5E1E75DE7B005C7520 /* Build configuration list for PBXNativeTarget "Michel_D&DProjectUITests" */;
			buildPhases = (
				B2288A4B1E75DE7B005C7520 /* Sources */,
				B2288A4C1E75DE7B005C7520 /* Frameworks */,
				B2288A4D1E75DE7B005C7520 /* Resources */,
			);
			buildRules = (
			);
			dependencies = (
				B2288A511E75DE7B005C7520 /* PBXTargetDependency */,
			);
			name = "Michel_D&DProjectUITests";
			productName = "Michel_D&DProjectUITests";
			productReference = B2288A4F1E75DE7B005C7520 /* Michel_D&DProjectUITests.xctest */;
			productType = "com.apple.product-type.bundle.ui-testing";
		};
/* End PBXNativeTarget section */

/* Begin PBXProject section */
		B2288A261E75DE7B005C7520 /* Project object */ = {
			isa = PBXProject;
			attributes = {
				LastSwiftUpdateCheck = 0820;
				LastUpgradeCheck = 0820;
				ORGANIZATIONNAME = "Benny Michel";
				TargetAttributes = {
					B2288A2D1E75DE7B005C7520 = {
						CreatedOnToolsVersion = 8.2.1;
						DevelopmentTeam = MQ79U7S5FQ;
						ProvisioningStyle = Automatic;
					};
					B2288A431E75DE7B005C7520 = {
						CreatedOnToolsVersion = 8.2.1;
						DevelopmentTeam = MQ79U7S5FQ;
						ProvisioningStyle = Automatic;
						TestTargetID = B2288A2D1E75DE7B005C7520;
					};
					B2288A4E1E75DE7B005C7520 = {
						CreatedOnToolsVersion = 8.2.1;
						DevelopmentTeam = MQ79U7S5FQ;
						ProvisioningStyle = Automatic;
						TestTargetID = B2288A2D1E75DE7B005C7520;
					};
				};
			};
			buildConfigurationList = B2288A291E75DE7B005C7520 /* Build configuration list for PBXProject "Michel_D&DProject" */;
			compatibilityVersion = "Xcode 3.2";
			developmentRegion = English;
			hasScannedForEncodings = 0;
			knownRegions = (
				en,
				Base,
			);
			mainGroup = B2288A251E75DE7B005C7520;
			productRefGroup = B2288A2F1E75DE7B005C7520 /* Products */;
			projectDirPath = "";
			projectRoot = "";
			targets = (
				B2288A2D1E75DE7B005C7520 /* Michel_D&DProject */,
				B2288A431E75DE7B005C7520 /* Michel_D&DProjectTests */,
				B2288A4E1E75DE7B005C7520 /* Michel_D&DProjectUITests */,
			);
		};
/* End PBXProject section */

/* Begin PBXResourcesBuildPhase section */
		B2288A2C1E75DE7B005C7520 /* Resources */ = {
			isa = PBXResourcesBuildPhase;
			buildActionMask = 2147483647;
			files = (
				B2288A3E1E75DE7B005C7520 /* LaunchScreen.storyboard in Resources */,
				B2288A3B1E75DE7B005C7520 /* Assets.xcassets in Resources */,
				B2288A391E75DE7B005C7520 /* Main.storyboard in Resources */,
			);
			runOnlyForDeploymentPostprocessing = 0;
		};
		B2288A421E75DE7B005C7520 /* Resources */ = {
			isa = PBXResourcesBuildPhase;
			buildActionMask = 2147483647;
			files = (
			);
			runOnlyForDeploymentPostprocessing = 0;
		};
		B2288A4D1E75DE7B005C7520 /* Resources */ = {
			isa = PBXResourcesBuildPhase;
			buildActionMask = 2147483647;
			files = (
			);
			runOnlyForDeploymentPostprocessing = 0;
		};
/* End PBXResourcesBuildPhase section */

/* Begin PBXSourcesBuildPhase section */
		B2288A2A1E75DE7B005C7520 /* Sources */ = {
			isa = PBXSourcesBuildPhase;
			buildActionMask = 2147483647;
			files = (
				B2288A681E776878005C7520 /* Class.swift in Sources */,
				B2288A6C1E77A637005C7520 /* Backgrounds.swift in Sources */,
				B2288A361E75DE7B005C7520 /* SecondViewController.swift in Sources */,
				B2288A641E7766AC005C7520 /* ClassViewController.swift in Sources */,
				B2288A321E75DE7B005C7520 /* AppDelegate.swift in Sources */,
				B2288A341E75DE7B005C7520 /* FirstViewController.swift in Sources */,
				B2288A621E75E787005C7520 /* RollViewController.swift in Sources */,
			);
			runOnlyForDeploymentPostprocessing = 0;
		};
		B2288A401E75DE7B005C7520 /* Sources */ = {
			isa = PBXSourcesBuildPhase;
			buildActionMask = 2147483647;
			files = (
				B2288A491E75DE7B005C7520 /* Michel_D_DProjectTests.swift in Sources */,
			);
			runOnlyForDeploymentPostprocessing = 0;
		};
		B2288A4B1E75DE7B005C7520 /* Sources */ = {
			isa = PBXSourcesBuildPhase;
			buildActionMask = 2147483647;
			files = (
				B2288A541E75DE7B005C7520 /* Michel_D_DProjectUITests.swift in Sources */,
			);
			runOnlyForDeploymentPostprocessing = 0;
		};
/* End PBXSourcesBuildPhase section */

/* Begin PBXTargetDependency section */
		B2288A461E75DE7B005C7520 /* PBXTargetDependency */ = {
			isa = PBXTargetDependency;
			target = B2288A2D1E75DE7B005C7520 /* Michel_D&DProject */;
			targetProxy = B2288A451E75DE7B005C7520 /* PBXContainerItemProxy */;
		};
		B2288A511E75DE7B005C7520 /* PBXTargetDependency */ = {
			isa = PBXTargetDependency;
			target = B2288A2D1E75DE7B005C7520 /* Michel_D&DProject */;
			targetProxy = B2288A501E75DE7B005C7520 /* PBXContainerItemProxy */;
		};
/* End PBXTargetDependency section */

/* Begin PBXVariantGroup section */
		B2288A371E75DE7B005C7520 /* Main.storyboard */ = {
			isa = PBXVariantGroup;
			children = (
				B2288A381E75DE7B005C7520 /* Base */,
			);
			name = Main.storyboard;
			sourceTree = "<group>";
		};
		B2288A3C1E75DE7B005C7520 /* LaunchScreen.storyboard */ = {
			isa = PBXVariantGroup;
			children = (
				B2288A3D1E75DE7B005C7520 /* Base */,
			);
			name = LaunchScreen.storyboard;
			sourceTree = "<group>";
		};
/* End PBXVariantGroup section */

/* Begin XCBuildConfiguration section */
		B2288A561E75DE7B005C7520 /* Debug */ = {
			isa = XCBuildConfiguration;
			buildSettings = {
				ALWAYS_SEARCH_USER_PATHS = NO;
				CLANG_ANALYZER_NONNULL = YES;
				CLANG_CXX_LANGUAGE_STANDARD = "gnu++0x";
				CLANG_CXX_LIBRARY = "libc++";
				CLANG_ENABLE_MODULES = YES;
				CLANG_ENABLE_OBJC_ARC = YES;
				CLANG_WARN_BOOL_CONVERSION = YES;
				CLANG_WARN_CONSTANT_CONVERSION = YES;
				CLANG_WARN_DIRECT_OBJC_ISA_USAGE = YES_ERROR;
				CLANG_WARN_DOCUMENTATION_COMMENTS = YES;
				CLANG_WARN_EMPTY_BODY = YES;
				CLANG_WARN_ENUM_CONVERSION = YES;
				CLANG_WARN_INFINITE_RECURSION = YES;
				CLANG_WARN_INT_CONVERSION = YES;
				CLANG_WARN_OBJC_ROOT_CLASS = YES_ERROR;
				CLANG_WARN_SUSPICIOUS_MOVE = YES;
				CLANG_WARN_UNREACHABLE_CODE = YES;
				CLANG_WARN__DUPLICATE_METHOD_MATCH = YES;
				"CODE_SIGN_IDENTITY[sdk=iphoneos*]" = "iPhone Developer";
				COPY_PHASE_STRIP = NO;
				DEBUG_INFORMATION_FORMAT = dwarf;
				ENABLE_STRICT_OBJC_MSGSEND = YES;
				ENABLE_TESTABILITY = YES;
				GCC_C_LANGUAGE_STANDARD = gnu99;
				GCC_DYNAMIC_NO_PIC = NO;
				GCC_NO_COMMON_BLOCKS = YES;
				GCC_OPTIMIZATION_LEVEL = 0;
				GCC_PREPROCESSOR_DEFINITIONS = (
					"DEBUG=1",
					"$(inherited)",
				);
				GCC_WARN_64_TO_32_BIT_CONVERSION = YES;
				GCC_WARN_ABOUT_RETURN_TYPE = YES_ERROR;
				GCC_WARN_UNDECLARED_SELECTOR = YES;
				GCC_WARN_UNINITIALIZED_AUTOS = YES_AGGRESSIVE;
				GCC_WARN_UNUSED_FUNCTION = YES;
				GCC_WARN_UNUSED_VARIABLE = YES;
				IPHONEOS_DEPLOYMENT_TARGET = 10.2;
				MTL_ENABLE_DEBUG_INFO = YES;
				ONLY_ACTIVE_ARCH = YES;
				SDKROOT = iphoneos;
				SWIFT_ACTIVE_COMPILATION_CONDITIONS = DEBUG;
				SWIFT_OPTIMIZATION_LEVEL = "-Onone";
			};
			name = Debug;
		};
		B2288A571E75DE7B005C7520 /* Release */ = {
			isa = XCBuildConfiguration;
			buildSettings = {
				ALWAYS_SEARCH_USER_PATHS = NO;
				CLANG_ANALYZER_NONNULL = YES;
				CLANG_CXX_LANGUAGE_STANDARD = "gnu++0x";
				CLANG_CXX_LIBRARY = "libc++";
				CLANG_ENABLE_MODULES = YES;
				CLANG_ENABLE_OBJC_ARC = YES;
				CLANG_WARN_BOOL_CONVERSION = YES;
				CLANG_WARN_CONSTANT_CONVERSION = YES;
				CLANG_WARN_DIRECT_OBJC_ISA_USAGE = YES_ERROR;
				CLANG_WARN_DOCUMENTATION_COMMENTS = YES;
				CLANG_WARN_EMPTY_BODY = YES;
				CLANG_WARN_ENUM_CONVERSION = YES;
				CLANG_WARN_INFINITE_RECURSION = YES;
				CLANG_WARN_INT_CONVERSION = YES;
				CLANG_WARN_OBJC_ROOT_CLASS = YES_ERROR;
				CLANG_WARN_SUSPICIOUS_MOVE = YES;
				CLANG_WARN_UNREACHABLE_CODE = YES;
				CLANG_WARN__DUPLICATE_METHOD_MATCH = YES;
				"CODE_SIGN_IDENTITY[sdk=iphoneos*]" = "iPhone Developer";
				COPY_PHASE_STRIP = NO;
				DEBUG_INFORMATION_FORMAT = "dwarf-with-dsym";
				ENABLE_NS_ASSERTIONS = NO;
				ENABLE_STRICT_OBJC_MSGSEND = YES;
				GCC_C_LANGUAGE_STANDARD = gnu99;
				GCC_NO_COMMON_BLOCKS = YES;
				GCC_WARN_64_TO_32_BIT_CONVERSION = YES;
				GCC_WARN_ABOUT_RETURN_TYPE = YES_ERROR;
				GCC_WARN_UNDECLARED_SELECTOR = YES;
				GCC_WARN_UNINITIALIZED_AUTOS = YES_AGGRESSIVE;
				GCC_WARN_UNUSED_FUNCTION = YES;
				GCC_WARN_UNUSED_VARIABLE = YES;
				IPHONEOS_DEPLOYMENT_TARGET = 10.2;
				MTL_ENABLE_DEBUG_INFO = NO;
				SDKROOT = iphoneos;
				SWIFT_OPTIMIZATION_LEVEL = "-Owholemodule";
				VALIDATE_PRODUCT = YES;
			};
			name = Release;
		};
		B2288A591E75DE7B005C7520 /* Debug */ = {
			isa = XCBuildConfiguration;
			buildSettings = {
				ASSETCATALOG_COMPILER_APPICON_NAME = AppIcon;
				DEVELOPMENT_TEAM = MQ79U7S5FQ;
				INFOPLIST_FILE = "Michel_D&DProject/Info.plist";
				LD_RUNPATH_SEARCH_PATHS = "$(inherited) @executable_path/Frameworks";
				PRODUCT_BUNDLE_IDENTIFIER = "none.Michel-D-DProject";
				PRODUCT_NAME = "$(TARGET_NAME)";
				SWIFT_VERSION = 3.0;
			};
			name = Debug;
		};
		B2288A5A1E75DE7B005C7520 /* Release */ = {
			isa = XCBuildConfiguration;
			buildSettings = {
				ASSETCATALOG_COMPILER_APPICON_NAME = AppIcon;
				DEVELOPMENT_TEAM = MQ79U7S5FQ;
				INFOPLIST_FILE = "Michel_D&DProject/Info.plist";
				LD_RUNPATH_SEARCH_PATHS = "$(inherited) @executable_path/Frameworks";
				PRODUCT_BUNDLE_IDENTIFIER = "none.Michel-D-DProject";
				PRODUCT_NAME = "$(TARGET_NAME)";
				SWIFT_VERSION = 3.0;
			};
			name = Release;
		};
		B2288A5C1E75DE7B005C7520 /* Debug */ = {
			isa = XCBuildConfiguration;
			buildSettings = {
				ALWAYS_EMBED_SWIFT_STANDARD_LIBRARIES = YES;
				BUNDLE_LOADER = "$(TEST_HOST)";
				DEVELOPMENT_TEAM = MQ79U7S5FQ;
				INFOPLIST_FILE = "Michel_D&DProjectTests/Info.plist";
				LD_RUNPATH_SEARCH_PATHS = "$(inherited) @executable_path/Frameworks @loader_path/Frameworks";
				PRODUCT_BUNDLE_IDENTIFIER = "none.Michel-D-DProjectTests";
				PRODUCT_NAME = "$(TARGET_NAME)";
				SWIFT_VERSION = 3.0;
				TEST_HOST = "$(BUILT_PRODUCTS_DIR)/Michel_D&DProject.app/Michel_D&DProject";
			};
			name = Debug;
		};
		B2288A5D1E75DE7B005C7520 /* Release */ = {
			isa = XCBuildConfiguration;
			buildSettings = {
				ALWAYS_EMBED_SWIFT_STANDARD_LIBRARIES = YES;
				BUNDLE_LOADER = "$(TEST_HOST)";
				DEVELOPMENT_TEAM = MQ79U7S5FQ;
				INFOPLIST_FILE = "Michel_D&DProjectTests/Info.plist";
				LD_RUNPATH_SEARCH_PATHS = "$(inherited) @executable_path/Frameworks @loader_path/Frameworks";
				PRODUCT_BUNDLE_IDENTIFIER = "none.Michel-D-DProjectTests";
				PRODUCT_NAME = "$(TARGET_NAME)";
				SWIFT_VERSION = 3.0;
				TEST_HOST = "$(BUILT_PRODUCTS_DIR)/Michel_D&DProject.app/Michel_D&DProject";
			};
			name = Release;
		};
		B2288A5F1E75DE7B005C7520 /* Debug */ = {
			isa = XCBuildConfiguration;
			buildSettings = {
				ALWAYS_EMBED_SWIFT_STANDARD_LIBRARIES = YES;
				DEVELOPMENT_TEAM = MQ79U7S5FQ;
				INFOPLIST_FILE = "Michel_D&DProjectUITests/Info.plist";
				LD_RUNPATH_SEARCH_PATHS = "$(inherited) @executable_path/Frameworks @loader_path/Frameworks";
				PRODUCT_BUNDLE_IDENTIFIER = "none.Michel-D-DProjectUITests";
				PRODUCT_NAME = "$(TARGET_NAME)";
				SWIFT_VERSION = 3.0;
				TEST_TARGET_NAME = "Michel_D&DProject";
			};
			name = Debug;
		};
		B2288A601E75DE7B005C7520 /* Release */ = {
			isa = XCBuildConfiguration;
			buildSettings = {
				ALWAYS_EMBED_SWIFT_STANDARD_LIBRARIES = YES;
				DEVELOPMENT_TEAM = MQ79U7S5FQ;
				INFOPLIST_FILE = "Michel_D&DProjectUITests/Info.plist";
				LD_RUNPATH_SEARCH_PATHS = "$(inherited) @executable_path/Frameworks @loader_path/Frameworks";
				PRODUCT_BUNDLE_IDENTIFIER = "none.Michel-D-DProjectUITests";
				PRODUCT_NAME = "$(TARGET_NAME)";
				SWIFT_VERSION = 3.0;
				TEST_TARGET_NAME = "Michel_D&DProject";
			};
			name = Release;
		};
/* End XCBuildConfiguration section */

/* Begin XCConfigurationList section */
		B2288A291E75DE7B005C7520 /* Build configuration list for PBXProject "Michel_D&DProject" */ = {
			isa = XCConfigurationList;
			buildConfigurations = (
				B2288A561E75DE7B005C7520 /* Debug */,
				B2288A571E75DE7B005C7520 /* Release */,
			);
			defaultConfigurationIsVisible = 0;
			defaultConfigurationName = Release;
		};
		B2288A581E75DE7B005C7520 /* Build configuration list for PBXNativeTarget "Michel_D&DProject" */ = {
			isa = XCConfigurationList;
			buildConfigurations = (
				B2288A591E75DE7B005C7520 /* Debug */,
				B2288A5A1E75DE7B005C7520 /* Release */,
			);
			defaultConfigurationIsVisible = 0;
			defaultConfigurationName = Release;
		};
		B2288A5B1E75DE7B005C7520 /* Build configuration list for PBXNativeTarget "Michel_D&DProjectTests" */ = {
			isa = XCConfigurationList;
			buildConfigurations = (
				B2288A5C1E75DE7B005C7520 /* Debug */,
				B2288A5D1E75DE7B005C7520 /* Release */,
			);
			defaultConfigurationIsVisible = 0;
			defaultConfigurationName = Release;
		};
		B2288A5E1E75DE7B005C7520 /* Build configuration list for PBXNativeTarget "Michel_D&DProjectUITests" */ = {
			isa = XCConfigurationList;
			buildConfigurations = (
				B2288A5F1E75DE7B005C7520 /* Debug */,
				B2288A601E75DE7B005C7520 /* Release */,
			);
			defaultConfigurationIsVisible = 0;
			defaultConfigurationName = Release;
		};
/* End XCConfigurationList section */
	};
	rootObject = B2288A261E75DE7B005C7520 /* Project object */;
}
